{
  "name": "jackc",
  "version": "0.2.0",
  "lockfileVersion": 3,
  "requires": true,
  "packages": {
    "": {
      "name": "jackc",
      "version": "0.1.0",
      "hasInstallScript": true,
      "license": "MIT",
      "bin": {
        "jackc": "bin/run.js"
      },
      "engines": {
        "node": ">=18"
      }
    }
  }
}
